{
  "name": "protomaps-themes",
  "lockfileVersion": 3,
  "requires": true,
  "packages": {
    "": {
      "dependencies": {
        "protomaps-themes-base": "^4.3.1"
      }
    },
    "node_modules/protomaps-themes-base": {
      "version": "4.3.1",
      "resolved": "https://registry.npmjs.org/protomaps-themes-base/-/protomaps-themes-base-4.3.1.tgz",
      "integrity": "sha512-g3ne0iBxMcFExxstvXyC0xCJaZF9iLfIUQcxx86+cuzQ4KiZ4v5moxqDvHEZDa8xrTYY2iwm6VV5UGOHnpWYhg==",
      "license": "BSD-3-Clause"
    }
  }
}
